
Microsoft Visual Studio Solution File, Format Version 12.00
# Visual Studio Version 16
VisualStudioVersion = 16.0.28803.916
MinimumVisualStudioVersion = 10.0.40219.1
Project("{FAE04EC0-301F-11D3-BF4B-00C04F79EFBC}") = "Multithreading_Dia_1", "Multithreading_Dia_1.csproj", "{B157421B-BBDA-43F5-BDE0-280549F5E090}"
EndProject
Global
	GlobalSection(SolutionConfigurationPlatforms) = preSolution
		Debug|Any CPU = Debug|Any CPU
		Release|Any CPU = Release|Any CPU
	EndGlobalSection
	GlobalSection(ProjectConfigurationPlatforms) = postSolution
		{B157421B-BBDA-43F5-BDE0-280549F5E090}.Debug|Any CPU.ActiveCfg = Debug|Any CPU
		{B157421B-BBDA-43F5-BDE0-280549F5E090}.Debug|Any CPU.Build.0 = Debug|Any CPU
		{B157421B-BBDA-43F5-BDE0-280549F5E090}.Release|Any CPU.ActiveCfg = Release|Any CPU
		{B157421B-BBDA-43F5-BDE0-280549F5E090}.Release|Any CPU.Build.0 = Release|Any CPU
	EndGlobalSection
	GlobalSection(SolutionProperties) = preSolution
		HideSolutionNode = FALSE
	EndGlobalSection
	GlobalSection(ExtensibilityGlobals) = postSolution
		SolutionGuid = {E312DA92-A21A-418A-9601-CAA25B525C89}
	EndGlobalSection
EndGlobal
